# This file is autogenerated, do not edit; changes may be undone by the next 'dep ensure'.


[[projects]]
  digest = "1:6f9339c912bbdda81302633ad7e99a28dfa5a639c864061f1929510a9a64aa74"
  name = "github.com/dustin/go-humanize"
  packages = ["."]
  pruneopts = "UT"
  revision = "9f541cc9db5d55bce703bd99987c9d5cb8eea45e"
  version = "v1.0.0"

[[projects]]
  branch = "master"
  digest = "1:f963fd7ad2fae1d824ce78e343bf48506990dde2c64e7e63af5752b17a0d737b"
  name = "github.com/go-chat-bot/bot"
  packages = [
    ".",
    "slack",
  ]
  pruneopts = "UT"
  revision = "cf98806022032f1199b8e612483a21485156b169"

[[projects]]
  branch = "master"
  digest = "1:421b22c43643af081ff88fb212f878b66ae18f078f1f9ffd6ae509cf8a79e8d0"
  name = "github.com/go-chat-bot/plugins"
  packages = [
    "catfacts",
    "catgif",
    "chucknorris",
    "web",
  ]
  pruneopts = "UT"
  revision = "f5bd5fb31f121fa678f8c8a853ccdad284a905a5"

[[projects]]
  digest = "1:7b5c6e2eeaa9ae5907c391a91c132abfd5c9e8a784a341b5625e750c67e6825d"
  name = "github.com/gorilla/websocket"
  packages = ["."]
  pruneopts = "UT"
  revision = "66b9c49e59c6c48f0ffce28c2d8b8a5678502c6d"
  version = "v1.4.0"

[[projects]]
  branch = "master"
  digest = "1:a94e5abb93e650d1b137cafd962fbded5cfb01ce3e0721d7c878f686f904b9dc"
  name = "github.com/justmiles/go-chat-bot-plugins"
  packages = ["status"]
  pruneopts = "UT"
  revision = "d862aa6c725d33b4725a85432cea73b24289d0bd"

[[projects]]
  digest = "1:7efe48dea4db6b35dcc15e15394b627247e5b3fb814242de986b746ba8e0abf0"
  name = "github.com/mattn/go-shellwords"
  packages = ["."]
  pruneopts = "UT"
  revision = "02e3cf038dcea8290e44424da473dd12be796a8a"
  version = "v1.0.3"

[[projects]]
  digest = "1:be88a46cd36136d9a0fbe8f42dffc269a62544e3a12ff3b047b4704f9b349b42"
  name = "github.com/mozillazg/go-unidecode"
  packages = [
    ".",
    "table",
  ]
  pruneopts = "UT"
  revision = "7ab3c72180eeb79ccb8746137e14d6b0a60dd685"
  version = "v0.1.0"

[[projects]]
  digest = "1:95d38d218bf2290987c6b0e885a9f0f2d3d3239235acaddca01c3fe36e5e5566"
  name = "github.com/nlopes/slack"
  packages = [
    ".",
    "slackutilsx",
  ]
  pruneopts = "UT"
  revision = "b9033a72a20bf84563485e86a2adbea4bf265804"
  version = "v0.4.0"

[[projects]]
  digest = "1:40e195917a951a8bf867cd05de2a46aaf1806c50cf92eebf4c16f78cd196f747"
  name = "github.com/pkg/errors"
  packages = ["."]
  pruneopts = "UT"
  revision = "645ef00459ed84a119197bfb8d8205042c6df63d"
  version = "v0.8.0"

[[projects]]
  digest = "1:ed615c5430ecabbb0fb7629a182da65ecee6523900ac1ac932520860878ffcad"
  name = "github.com/robfig/cron"
  packages = ["."]
  pruneopts = "UT"
  revision = "b41be1df696709bb6395fe435af20370037c0b4c"
  version = "v1.1"

[solve-meta]
  analyzer-name = "dep"
  analyzer-version = 1
  input-imports = [
    "github.com/dustin/go-humanize",
    "github.com/go-chat-bot/bot",
    "github.com/go-chat-bot/bot/slack",
    "github.com/go-chat-bot/plugins/catfacts",
    "github.com/go-chat-bot/plugins/catgif",
    "github.com/go-chat-bot/plugins/chucknorris",
    "github.com/justmiles/go-chat-bot-plugins/status",
  ]
  solver-name = "gps-cdcl"
  solver-version = 1
